
Microsoft Visual Studio Solution File, Format Version 12.00
# Visual Studio Version 17
VisualStudioVersion = 17.1.32328.378
MinimumVisualStudioVersion = 10.0.40219.1
Project("{FAE04EC0-301F-11D3-BF4B-00C04F79EFBC}") = "Nasljedivanje", "Nasljedivanje\Nasljedivanje.csproj", "{61DA4D54-5552-402B-B874-7F7356DE7E8F}"
EndProject
Global
	GlobalSection(SolutionConfigurationPlatforms) = preSolution
		Debug|Any CPU = Debug|Any CPU
		Release|Any CPU = Release|Any CPU
	EndGlobalSection
	GlobalSection(ProjectConfigurationPlatforms) = postSolution
		{61DA4D54-5552-402B-B874-7F7356DE7E8F}.Debug|Any CPU.ActiveCfg = Debug|Any CPU
		{61DA4D54-5552-402B-B874-7F7356DE7E8F}.Debug|Any CPU.Build.0 = Debug|Any CPU
		{61DA4D54-5552-402B-B874-7F7356DE7E8F}.Release|Any CPU.ActiveCfg = Release|Any CPU
		{61DA4D54-5552-402B-B874-7F7356DE7E8F}.Release|Any CPU.Build.0 = Release|Any CPU
	EndGlobalSection
	GlobalSection(SolutionProperties) = preSolution
		HideSolutionNode = FALSE
	EndGlobalSection
	GlobalSection(ExtensibilityGlobals) = postSolution
		SolutionGuid = {4D8E985D-6FF3-4A31-A7AB-9FC6E0A56891}
	EndGlobalSection
EndGlobal
